
Microsoft Visual Studio Solution File, Format Version 12.00
# Visual Studio Version 16
VisualStudioVersion = 16.0.30413.136
MinimumVisualStudioVersion = 10.0.40219.1
Project("{8BC9CEB8-8B4A-11D0-8D11-00A0C91BC942}") = "Lab1", "Lab1\Lab1.vcxproj", "{D39FC950-9BED-452E-893B-53C829637B67}"
EndProject
Project("{8BC9CEB8-8B4A-11D0-8D11-00A0C91BC942}") = "Lab2.1", "Lab2.1\Lab2.1.vcxproj", "{992B936B-0DAE-460C-A6E8-754DF9E6A83C}"
EndProject
Project("{8BC9CEB8-8B4A-11D0-8D11-00A0C91BC942}") = "Lab2.2", "Lab2.2\Lab2.2.vcxproj", "{521AFC9E-3540-47F0-A759-F5B14A491315}"
EndProject
Project("{8BC9CEB8-8B4A-11D0-8D11-00A0C91BC942}") = "Lab2.3", "Lab2.3\Lab2.3.vcxproj", "{B9B22B3B-21C6-4DE2-957B-ACCB2E6FE51B}"
EndProject
Project("{8BC9CEB8-8B4A-11D0-8D11-00A0C91BC942}") = "Lab2.4", "Lab2.4\Lab2.4.vcxproj", "{FC5C3B5B-7220-4FE8-99EB-524F1E511370}"
EndProject
Project("{8BC9CEB8-8B4A-11D0-8D11-00A0C91BC942}") = "Lab3", "Lab3\Lab3.vcxproj", "{3A82F81C-13CE-412E-A373-9F427B1DF7FB}"
EndProject
Project("{8BC9CEB8-8B4A-11D0-8D11-00A0C91BC942}") = "Lab4", "Lab4\Lab4.vcxproj", "{207B3896-0827-4DAC-A561-2F5AB6C25781}"
EndProject
Project("{8BC9CEB8-8B4A-11D0-8D11-00A0C91BC942}") = "Lab5", "Lab5\Lab5.vcxproj", "{54E31588-D8D9-4C56-A3E5-13ECAA4FBEF4}"
EndProject
Project("{8BC9CEB8-8B4A-11D0-8D11-00A0C91BC942}") = "Lab6", "Lab6\Lab6.vcxproj", "{BEE80E97-2C5A-479E-B6F8-B1EF6C58899C}"
EndProject
Project("{8BC9CEB8-8B4A-11D0-8D11-00A0C91BC942}") = "Lab7", "Lab7\Lab7.vcxproj", "{2466D6B4-DD0D-4C92-83BE-9ABC7693A6EC}"
EndProject
Project("{8BC9CEB8-8B4A-11D0-8D11-00A0C91BC942}") = "Lab8", "Lab8\Lab8.vcxproj", "{F7BF1D78-0BAD-4BED-967E-55726D1634CF}"
EndProject
Project("{8BC9CEB8-8B4A-11D0-8D11-00A0C91BC942}") = "Lab9", "Lab9\Lab9.vcxproj", "{3827C5FC-8F2D-4DF9-9094-FB1BCBD4561B}"
EndProject
Project("{8BC9CEB8-8B4A-11D0-8D11-00A0C91BC942}") = "Hw", "Hw\Hw.vcxproj", "{C6C379AB-370A-478D-985A-CDB2C2A6BBC2}"
EndProject
Global
	GlobalSection(SolutionConfigurationPlatforms) = preSolution
		Debug|x64 = Debug|x64
		Debug|x86 = Debug|x86
		Release|x64 = Release|x64
		Release|x86 = Release|x86
	EndGlobalSection
	GlobalSection(ProjectConfigurationPlatforms) = postSolution
		{D39FC950-9BED-452E-893B-53C829637B67}.Debug|x64.ActiveCfg = Debug|x64
		{D39FC950-9BED-452E-893B-53C829637B67}.Debug|x64.Build.0 = Debug|x64
		{D39FC950-9BED-452E-893B-53C829637B67}.Debug|x86.ActiveCfg = Debug|Win32
		{D39FC950-9BED-452E-893B-53C829637B67}.Debug|x86.Build.0 = Debug|Win32
		{D39FC950-9BED-452E-893B-53C829637B67}.Release|x64.ActiveCfg = Release|x64
		{D39FC950-9BED-452E-893B-53C829637B67}.Release|x64.Build.0 = Release|x64
		{D39FC950-9BED-452E-893B-53C829637B67}.Release|x86.ActiveCfg = Release|Win32
		{D39FC950-9BED-452E-893B-53C829637B67}.Release|x86.Build.0 = Release|Win32
		{992B936B-0DAE-460C-A6E8-754DF9E6A83C}.Debug|x64.ActiveCfg = Debug|x64
		{992B936B-0DAE-460C-A6E8-754DF9E6A83C}.Debug|x64.Build.0 = Debug|x64
		{992B936B-0DAE-460C-A6E8-754DF9E6A83C}.Debug|x86.ActiveCfg = Debug|Win32
		{992B936B-0DAE-460C-A6E8-754DF9E6A83C}.Debug|x86.Build.0 = Debug|Win32
		{992B936B-0DAE-460C-A6E8-754DF9E6A83C}.Release|x64.ActiveCfg = Release|x64
		{992B936B-0DAE-460C-A6E8-754DF9E6A83C}.Release|x64.Build.0 = Release|x64
		{992B936B-0DAE-460C-A6E8-754DF9E6A83C}.Release|x86.ActiveCfg = Release|Win32
		{992B936B-0DAE-460C-A6E8-754DF9E6A83C}.Release|x86.Build.0 = Release|Win32
		{521AFC9E-3540-47F0-A759-F5B14A491315}.Debug|x64.ActiveCfg = Debug|x64
		{521AFC9E-3540-47F0-A759-F5B14A491315}.Debug|x64.Build.0 = Debug|x64
		{521AFC9E-3540-47F0-A759-F5B14A491315}.Debug|x86.ActiveCfg = Debug|Win32
		{521AFC9E-3540-47F0-A759-F5B14A491315}.Debug|x86.Build.0 = Debug|Win32
		{521AFC9E-3540-47F0-A759-F5B14A491315}.Release|x64.ActiveCfg = Release|x64
		{521AFC9E-3540-47F0-A759-F5B14A491315}.Release|x64.Build.0 = Release|x64
		{521AFC9E-3540-47F0-A759-F5B14A491315}.Release|x86.ActiveCfg = Release|Win32
		{521AFC9E-3540-47F0-A759-F5B14A491315}.Release|x86.Build.0 = Release|Win32
		{B9B22B3B-21C6-4DE2-957B-ACCB2E6FE51B}.Debug|x64.ActiveCfg = Debug|x64
		{B9B22B3B-21C6-4DE2-957B-ACCB2E6FE51B}.Debug|x64.Build.0 = Debug|x64
		{B9B22B3B-21C6-4DE2-957B-ACCB2E6FE51B}.Debug|x86.ActiveCfg = Debug|Win32
		{B9B22B3B-21C6-4DE2-957B-ACCB2E6FE51B}.Debug|x86.Build.0 = Debug|Win32
		{B9B22B3B-21C6-4DE2-957B-ACCB2E6FE51B}.Release|x64.ActiveCfg = Release|x64
		{B9B22B3B-21C6-4DE2-957B-ACCB2E6FE51B}.Release|x64.Build.0 = Release|x64
		{B9B22B3B-21C6-4DE2-957B-ACCB2E6FE51B}.Release|x86.ActiveCfg = Release|Win32
		{B9B22B3B-21C6-4DE2-957B-ACCB2E6FE51B}.Release|x86.Build.0 = Release|Win32
		{FC5C3B5B-7220-4FE8-99EB-524F1E511370}.Debug|x64.ActiveCfg = Debug|x64
		{FC5C3B5B-7220-4FE8-99EB-524F1E511370}.Debug|x64.Build.0 = Debug|x64
		{FC5C3B5B-7220-4FE8-99EB-524F1E511370}.Debug|x86.ActiveCfg = Debug|Win32
		{FC5C3B5B-7220-4FE8-99EB-524F1E511370}.Debug|x86.Build.0 = Debug|Win32
		{FC5C3B5B-7220-4FE8-99EB-524F1E511370}.Release|x64.ActiveCfg = Release|x64
		{FC5C3B5B-7220-4FE8-99EB-524F1E511370}.Release|x64.Build.0 = Release|x64
		{FC5C3B5B-7220-4FE8-99EB-524F1E511370}.Release|x86.ActiveCfg = Release|Win32
		{FC5C3B5B-7220-4FE8-99EB-524F1E511370}.Release|x86.Build.0 = Release|Win32
		{3A82F81C-13CE-412E-A373-9F427B1DF7FB}.Debug|x64.ActiveCfg = Debug|x64
		{3A82F81C-13CE-412E-A373-9F427B1DF7FB}.Debug|x64.Build.0 = Debug|x64
		{3A82F81C-13CE-412E-A373-9F427B1DF7FB}.Debug|x86.ActiveCfg = Debug|Win32
		{3A82F81C-13CE-412E-A373-9F427B1DF7FB}.Debug|x86.Build.0 = Debug|Win32
		{3A82F81C-13CE-412E-A373-9F427B1DF7FB}.Release|x64.ActiveCfg = Release|x64
		{3A82F81C-13CE-412E-A373-9F427B1DF7FB}.Release|x64.Build.0 = Release|x64
		{3A82F81C-13CE-412E-A373-9F427B1DF7FB}.Release|x86.ActiveCfg = Release|Win32
		{3A82F81C-13CE-412E-A373-9F427B1DF7FB}.Release|x86.Build.0 = Release|Win32
		{207B3896-0827-4DAC-A561-2F5AB6C25781}.Debug|x64.ActiveCfg = Debug|x64
		{207B3896-0827-4DAC-A561-2F5AB6C25781}.Debug|x64.Build.0 = Debug|x64
		{207B3896-0827-4DAC-A561-2F5AB6C25781}.Debug|x86.ActiveCfg = Debug|Win32
		{207B3896-0827-4DAC-A561-2F5AB6C25781}.Debug|x86.Build.0 = Debug|Win32
		{207B3896-0827-4DAC-A561-2F5AB6C25781}.Release|x64.ActiveCfg = Release|x64
		{207B3896-0827-4DAC-A561-2F5AB6C25781}.Release|x64.Build.0 = Release|x64
		{207B3896-0827-4DAC-A561-2F5AB6C25781}.Release|x86.ActiveCfg = Release|Win32
		{207B3896-0827-4DAC-A561-2F5AB6C25781}.Release|x86.Build.0 = Release|Win32
		{54E31588-D8D9-4C56-A3E5-13ECAA4FBEF4}.Debug|x64.ActiveCfg = Debug|x64
		{54E31588-D8D9-4C56-A3E5-13ECAA4FBEF4}.Debug|x64.Build.0 = Debug|x64
		{54E31588-D8D9-4C56-A3E5-13ECAA4FBEF4}.Debug|x86.ActiveCfg = Debug|Win32
		{54E31588-D8D9-4C56-A3E5-13ECAA4FBEF4}.Debug|x86.Build.0 = Debug|Win32
		{54E31588-D8D9-4C56-A3E5-13ECAA4FBEF4}.Release|x64.ActiveCfg = Release|x64
		{54E31588-D8D9-4C56-A3E5-13ECAA4FBEF4}.Release|x64.Build.0 = Release|x64
		{54E31588-D8D9-4C56-A3E5-13ECAA4FBEF4}.Release|x86.ActiveCfg = Release|Win32
		{54E31588-D8D9-4C56-A3E5-13ECAA4FBEF4}.Release|x86.Build.0 = Release|Win32
		{BEE80E97-2C5A-479E-B6F8-B1EF6C58899C}.Debug|x64.ActiveCfg = Debug|x64
		{BEE80E97-2C5A-479E-B6F8-B1EF6C58899C}.Debug|x64.Build.0 = Debug|x64
		{BEE80E97-2C5A-479E-B6F8-B1EF6C58899C}.Debug|x86.ActiveCfg = Debug|Win32
		{BEE80E97-2C5A-479E-B6F8-B1EF6C58899C}.Debug|x86.Build.0 = Debug|Win32
		{BEE80E97-2C5A-479E-B6F8-B1EF6C58899C}.Release|x64.ActiveCfg = Release|x64
		{BEE80E97-2C5A-479E-B6F8-B1EF6C58899C}.Release|x64.Build.0 = Release|x64
		{BEE80E97-2C5A-479E-B6F8-B1EF6C58899C}.Release|x86.ActiveCfg = Release|Win32
		{BEE80E97-2C5A-479E-B6F8-B1EF6C58899C}.Release|x86.Build.0 = Release|Win32
		{2466D6B4-DD0D-4C92-83BE-9ABC7693A6EC}.Debug|x64.ActiveCfg = Debug|x64
		{2466D6B4-DD0D-4C92-83BE-9ABC7693A6EC}.Debug|x64.Build.0 = Debug|x64
		{2466D6B4-DD0D-4C92-83BE-9ABC7693A6EC}.Debug|x86.ActiveCfg = Debug|Win32
		{2466D6B4-DD0D-4C92-83BE-9ABC7693A6EC}.Debug|x86.Build.0 = Debug|Win32
		{2466D6B4-DD0D-4C92-83BE-9ABC7693A6EC}.Release|x64.ActiveCfg = Release|x64
		{2466D6B4-DD0D-4C92-83BE-9ABC7693A6EC}.Release|x64.Build.0 = Release|x64
		{2466D6B4-DD0D-4C92-83BE-9ABC7693A6EC}.Release|x86.ActiveCfg = Release|Win32
		{2466D6B4-DD0D-4C92-83BE-9ABC7693A6EC}.Release|x86.Build.0 = Release|Win32
		{F7BF1D78-0BAD-4BED-967E-55726D1634CF}.Debug|x64.ActiveCfg = Debug|x64
		{F7BF1D78-0BAD-4BED-967E-55726D1634CF}.Debug|x64.Build.0 = Debug|x64
		{F7BF1D78-0BAD-4BED-967E-55726D1634CF}.Debug|x86.ActiveCfg = Debug|Win32
		{F7BF1D78-0BAD-4BED-967E-55726D1634CF}.Debug|x86.Build.0 = Debug|Win32
		{F7BF1D78-0BAD-4BED-967E-55726D1634CF}.Release|x64.ActiveCfg = Release|x64
		{F7BF1D78-0BAD-4BED-967E-55726D1634CF}.Release|x64.Build.0 = Release|x64
		{F7BF1D78-0BAD-4BED-967E-55726D1634CF}.Release|x86.ActiveCfg = Release|Win32
		{F7BF1D78-0BAD-4BED-967E-55726D1634CF}.Release|x86.Build.0 = Release|Win32
		{3827C5FC-8F2D-4DF9-9094-FB1BCBD4561B}.Debug|x64.ActiveCfg = Debug|x64
		{3827C5FC-8F2D-4DF9-9094-FB1BCBD4561B}.Debug|x64.Build.0 = Debug|x64
		{3827C5FC-8F2D-4DF9-9094-FB1BCBD4561B}.Debug|x86.ActiveCfg = Debug|Win32
		{3827C5FC-8F2D-4DF9-9094-FB1BCBD4561B}.Debug|x86.Build.0 = Debug|Win32
		{3827C5FC-8F2D-4DF9-9094-FB1BCBD4561B}.Release|x64.ActiveCfg = Release|x64
		{3827C5FC-8F2D-4DF9-9094-FB1BCBD4561B}.Release|x64.Build.0 = Release|x64
		{3827C5FC-8F2D-4DF9-9094-FB1BCBD4561B}.Release|x86.ActiveCfg = Release|Win32
		{3827C5FC-8F2D-4DF9-9094-FB1BCBD4561B}.Release|x86.Build.0 = Release|Win32
		{C6C379AB-370A-478D-985A-CDB2C2A6BBC2}.Debug|x64.ActiveCfg = Debug|x64
		{C6C379AB-370A-478D-985A-CDB2C2A6BBC2}.Debug|x64.Build.0 = Debug|x64
		{C6C379AB-370A-478D-985A-CDB2C2A6BBC2}.Debug|x86.ActiveCfg = Debug|Win32
		{C6C379AB-370A-478D-985A-CDB2C2A6BBC2}.Debug|x86.Build.0 = Debug|Win32
		{C6C379AB-370A-478D-985A-CDB2C2A6BBC2}.Release|x64.ActiveCfg = Release|x64
		{C6C379AB-370A-478D-985A-CDB2C2A6BBC2}.Release|x64.Build.0 = Release|x64
		{C6C379AB-370A-478D-985A-CDB2C2A6BBC2}.Release|x86.ActiveCfg = Release|Win32
		{C6C379AB-370A-478D-985A-CDB2C2A6BBC2}.Release|x86.Build.0 = Release|Win32
	EndGlobalSection
	GlobalSection(SolutionProperties) = preSolution
		HideSolutionNode = FALSE
	EndGlobalSection
	GlobalSection(ExtensibilityGlobals) = postSolution
		SolutionGuid = {761B7FCB-5927-47D8-A3B2-52C4057BC0B9}
	EndGlobalSection
EndGlobal
